{
  "name": "url",
  "version": "0.3.0",
  "lockfileVersion": 1,
  "requires": true,
  "dependencies": {
    "test": {
      "version": "github:RobinBlomberg/test#0f6ff076c40028f660498c853e65f676187dfe34",
      "from": "github:RobinBlomberg/test#release/0.3.0",
      "dev": true,
      "requires": {
        "utility": "github:RobinBlomberg/utility#release/0.3.0"
      }
    },
    "utility": {
      "version": "github:RobinBlomberg/utility#7125fac0599a3922a62fdabc471cd5e60251f92b",
      "from": "github:RobinBlomberg/utility#release/0.3.0"
    }
  }
}
