{
  "name": "url",
  "version": "0.3.0",
  "lockfileVersion": 1,
  "requires": true,
  "dependencies": {
    "ansi": {
      "version": "github:RobinBlomberg/ansi#eea42c04e649c3b28fb28187b7003e6f427188b5",
      "from": "github:RobinBlomberg/ansi#release/0.3.0",
      "dev": true
    },
    "glob": {
      "version": "github:RobinBlomberg/glob#6c6a5b3f311acae1a8cbc3bd18f1df5fe746dc57",
      "from": "github:RobinBlomberg/glob#release/0.3.0",
      "dev": true,
      "requires": {
        "utility": "github:RobinBlomberg/utility#release/0.3.0"
      }
    },
    "runtime": {
      "version": "github:RobinBlomberg/runtime#6a1c911d0aae68e2679cecf911c6838bd914598d",
      "from": "github:RobinBlomberg/runtime#release/0.3.0",
      "dev": true,
      "requires": {
        "ansi": "github:RobinBlomberg/ansi#release/0.3.0",
        "glob": "github:RobinBlomberg/glob#release/0.3.0",
        "string": "github:RobinBlomberg/string#release/0.3.0"
      }
    },
    "string": {
      "version": "github:RobinBlomberg/string#966a5f4beef81f10e5b5d4eb2901c6e10f198391",
      "from": "github:RobinBlomberg/string#release/0.3.0",
      "dev": true,
      "requires": {
        "runtime": "github:RobinBlomberg/runtime#release/0.3.0",
        "utility": "github:RobinBlomberg/utility#release/0.3.0"
      }
    },
    "test": {
      "version": "github:RobinBlomberg/test#827e4ae67ea238cef29142f3a003288a04fbdbcc",
      "from": "github:RobinBlomberg/test#release/0.3.0",
      "dev": true,
      "requires": {
        "runtime": "github:RobinBlomberg/runtime#release/0.3.0",
        "utility": "github:RobinBlomberg/utility#release/0.3.0"
      }
    },
    "utility": {
      "version": "github:RobinBlomberg/utility#ab5c6923b1c4a615e37abf9cff19778440f37c43",
      "from": "github:RobinBlomberg/utility#release/0.3.0",
      "dev": true
    }
  }
}
