{
  "name": "url",
  "version": "0.3.0",
  "lockfileVersion": 1,
  "requires": true,
  "dependencies": {
    "ansi": {
      "version": "github:RobinBlomberg/ansi#ebc1fe85bd7ed8fd46cea43ba78abee8fb545e39",
      "from": "github:RobinBlomberg/ansi#release/0.3.0",
      "dev": true
    },
    "error": {
      "version": "github:RobinBlomberg/error#a23439105fb02e86b68218810ef33598c959d903",
      "from": "github:RobinBlomberg/error#release/0.3.0",
      "dev": true,
      "requires": {
        "ansi": "github:RobinBlomberg/ansi#release/0.3.0",
        "inspect": "github:RobinBlomberg/inspect#release/0.3.0"
      }
    },
    "inspect": {
      "version": "github:RobinBlomberg/inspect#72df13f62997c5b0f40ded54ebd31c878674c029",
      "from": "github:RobinBlomberg/inspect#release/0.3.0",
      "dev": true,
      "requires": {
        "ansi": "github:RobinBlomberg/ansi#release/0.3.0",
        "utility": "github:RobinBlomberg/utility#release/0.3.0"
      }
    },
    "test": {
      "version": "github:RobinBlomberg/test#5c212fa9c7d8b7007a4a7e82782e4bfa643a132b",
      "from": "github:RobinBlomberg/test#release/0.3.0",
      "dev": true,
      "requires": {
        "error": "github:RobinBlomberg/error#release/0.3.0",
        "utility": "github:RobinBlomberg/utility#release/0.3.0"
      }
    },
    "utility": {
      "version": "github:RobinBlomberg/utility#a9da62da2fb9a82baa93a27e3c19c98110f9a103",
      "from": "github:RobinBlomberg/utility#release/0.3.0"
    }
  }
}
